
Microsoft Visual Studio Solution File, Format Version 12.00
# Visual Studio Version 17
VisualStudioVersion = 17.14.36414.22
MinimumVisualStudioVersion = 10.0.40219.1
Project("{FAE04EC0-301F-11D3-BF4B-00C04F79EFBC}") = "Order.API", "Order.API\Order.API.csproj", "{ACC83C4A-6DB0-4637-A2EC-E4C7484B0CA6}"
EndProject
Project("{FAE04EC0-301F-11D3-BF4B-00C04F79EFBC}") = "Payment.API", "Payment.API\Payment.API.csproj", "{A701400C-3FD9-4376-A810-156EB00E0460}"
EndProject
Project("{FAE04EC0-301F-11D3-BF4B-00C04F79EFBC}") = "Stock.API", "Stock.API\Stock.API.csproj", "{8EC0CBE6-562D-460C-AB98-C7C20238087D}"
EndProject
Project("{FAE04EC0-301F-11D3-BF4B-00C04F79EFBC}") = "Shared", "Shared\Shared.csproj", "{45C5FD7A-64A6-402F-BF92-9812F3D3F11B}"
EndProject
Project("{FAE04EC0-301F-11D3-BF4B-00C04F79EFBC}") = "SagaStateMachine.Service", "SagaStateMachine.Service\SagaStateMachine.Service.csproj", "{A99BEF06-048D-4F33-88DF-08FE4A3AA87C}"
EndProject
Global
	GlobalSection(SolutionConfigurationPlatforms) = preSolution
		Debug|Any CPU = Debug|Any CPU
		Release|Any CPU = Release|Any CPU
	EndGlobalSection
	GlobalSection(ProjectConfigurationPlatforms) = postSolution
		{ACC83C4A-6DB0-4637-A2EC-E4C7484B0CA6}.Debug|Any CPU.ActiveCfg = Debug|Any CPU
		{ACC83C4A-6DB0-4637-A2EC-E4C7484B0CA6}.Debug|Any CPU.Build.0 = Debug|Any CPU
		{ACC83C4A-6DB0-4637-A2EC-E4C7484B0CA6}.Release|Any CPU.ActiveCfg = Release|Any CPU
		{ACC83C4A-6DB0-4637-A2EC-E4C7484B0CA6}.Release|Any CPU.Build.0 = Release|Any CPU
		{A701400C-3FD9-4376-A810-156EB00E0460}.Debug|Any CPU.ActiveCfg = Debug|Any CPU
		{A701400C-3FD9-4376-A810-156EB00E0460}.Debug|Any CPU.Build.0 = Debug|Any CPU
		{A701400C-3FD9-4376-A810-156EB00E0460}.Release|Any CPU.ActiveCfg = Release|Any CPU
		{A701400C-3FD9-4376-A810-156EB00E0460}.Release|Any CPU.Build.0 = Release|Any CPU
		{8EC0CBE6-562D-460C-AB98-C7C20238087D}.Debug|Any CPU.ActiveCfg = Debug|Any CPU
		{8EC0CBE6-562D-460C-AB98-C7C20238087D}.Debug|Any CPU.Build.0 = Debug|Any CPU
		{8EC0CBE6-562D-460C-AB98-C7C20238087D}.Release|Any CPU.ActiveCfg = Release|Any CPU
		{8EC0CBE6-562D-460C-AB98-C7C20238087D}.Release|Any CPU.Build.0 = Release|Any CPU
		{45C5FD7A-64A6-402F-BF92-9812F3D3F11B}.Debug|Any CPU.ActiveCfg = Debug|Any CPU
		{45C5FD7A-64A6-402F-BF92-9812F3D3F11B}.Debug|Any CPU.Build.0 = Debug|Any CPU
		{45C5FD7A-64A6-402F-BF92-9812F3D3F11B}.Release|Any CPU.ActiveCfg = Release|Any CPU
		{45C5FD7A-64A6-402F-BF92-9812F3D3F11B}.Release|Any CPU.Build.0 = Release|Any CPU
		{A99BEF06-048D-4F33-88DF-08FE4A3AA87C}.Debug|Any CPU.ActiveCfg = Debug|Any CPU
		{A99BEF06-048D-4F33-88DF-08FE4A3AA87C}.Debug|Any CPU.Build.0 = Debug|Any CPU
		{A99BEF06-048D-4F33-88DF-08FE4A3AA87C}.Release|Any CPU.ActiveCfg = Release|Any CPU
		{A99BEF06-048D-4F33-88DF-08FE4A3AA87C}.Release|Any CPU.Build.0 = Release|Any CPU
	EndGlobalSection
	GlobalSection(SolutionProperties) = preSolution
		HideSolutionNode = FALSE
	EndGlobalSection
	GlobalSection(ExtensibilityGlobals) = postSolution
		SolutionGuid = {4AB72FEA-2A72-4631-9A5A-002F281E2CBA}
	EndGlobalSection
EndGlobal
