
Microsoft Visual Studio Solution File, Format Version 12.00
# Visual Studio Version 17
VisualStudioVersion = 17.14.36414.22
MinimumVisualStudioVersion = 10.0.40219.1
Project("{FAE04EC0-301F-11D3-BF4B-00C04F79EFBC}") = "Coordinator", "Coordinator\Coordinator.csproj", "{F34ED4D6-619A-4B06-93B5-88AB2BFE9788}"
EndProject
Project("{FAE04EC0-301F-11D3-BF4B-00C04F79EFBC}") = "Ledger.API", "Ledger.API\Ledger.API.csproj", "{6C248F76-B88B-4488-AF2F-100C1E7CAB8B}"
EndProject
Project("{FAE04EC0-301F-11D3-BF4B-00C04F79EFBC}") = "Accounts.API", "Accounts.API\Accounts.API.csproj", "{3EECD045-6894-4E9E-8808-40F5E5C03237}"
EndProject
Global
	GlobalSection(SolutionConfigurationPlatforms) = preSolution
		Debug|Any CPU = Debug|Any CPU
		Release|Any CPU = Release|Any CPU
	EndGlobalSection
	GlobalSection(ProjectConfigurationPlatforms) = postSolution
		{F34ED4D6-619A-4B06-93B5-88AB2BFE9788}.Debug|Any CPU.ActiveCfg = Debug|Any CPU
		{F34ED4D6-619A-4B06-93B5-88AB2BFE9788}.Debug|Any CPU.Build.0 = Debug|Any CPU
		{F34ED4D6-619A-4B06-93B5-88AB2BFE9788}.Release|Any CPU.ActiveCfg = Release|Any CPU
		{F34ED4D6-619A-4B06-93B5-88AB2BFE9788}.Release|Any CPU.Build.0 = Release|Any CPU
		{6C248F76-B88B-4488-AF2F-100C1E7CAB8B}.Debug|Any CPU.ActiveCfg = Debug|Any CPU
		{6C248F76-B88B-4488-AF2F-100C1E7CAB8B}.Debug|Any CPU.Build.0 = Debug|Any CPU
		{6C248F76-B88B-4488-AF2F-100C1E7CAB8B}.Release|Any CPU.ActiveCfg = Release|Any CPU
		{6C248F76-B88B-4488-AF2F-100C1E7CAB8B}.Release|Any CPU.Build.0 = Release|Any CPU
		{3EECD045-6894-4E9E-8808-40F5E5C03237}.Debug|Any CPU.ActiveCfg = Debug|Any CPU
		{3EECD045-6894-4E9E-8808-40F5E5C03237}.Debug|Any CPU.Build.0 = Debug|Any CPU
		{3EECD045-6894-4E9E-8808-40F5E5C03237}.Release|Any CPU.ActiveCfg = Release|Any CPU
		{3EECD045-6894-4E9E-8808-40F5E5C03237}.Release|Any CPU.Build.0 = Release|Any CPU
	EndGlobalSection
	GlobalSection(SolutionProperties) = preSolution
		HideSolutionNode = FALSE
	EndGlobalSection
	GlobalSection(ExtensibilityGlobals) = postSolution
		SolutionGuid = {70C9954C-9D81-40DE-B512-E468A1397D0E}
	EndGlobalSection
EndGlobal
